
Microsoft Visual Studio Solution File, Format Version 12.00
# Visual Studio 14
VisualStudioVersion = 14.0.25420.1
MinimumVisualStudioVersion = 10.0.40219.1
Project("{2150E333-8FDC-42A3-9474-1A3956D46DE8}") = "01.Models", "01.Models", "{AB389357-C0E9-4E30-833B-6A6E229D3A01}"
EndProject
Project("{2150E333-8FDC-42A3-9474-1A3956D46DE8}") = "02.BLL", "02.BLL", "{28B6B6F7-B39E-4F15-8BE6-85C700302540}"
EndProject
Project("{2150E333-8FDC-42A3-9474-1A3956D46DE8}") = "03.DAO", "03.DAO", "{F9E862E4-CD76-4A18-9AAC-5FB9E83B0E95}"
EndProject
Project("{FAE04EC0-301F-11D3-BF4B-00C04F79EFBC}") = "SkywalkerAutoWash.Models", "SkywalkerAutoWash.Models\SkywalkerAutoWash.Models.csproj", "{17E6D263-9AE4-4111-9A42-E13F593D9CF1}"
EndProject
Project("{FAE04EC0-301F-11D3-BF4B-00C04F79EFBC}") = "SkywalkerAutoWash.BLL", "SkywalkerAutoWash.BLL\SkywalkerAutoWash.BLL.csproj", "{D68BD13A-34B2-4F7A-BD39-AFA53AAF99EA}"
EndProject
Project("{FAE04EC0-301F-11D3-BF4B-00C04F79EFBC}") = "SkywalkerAutoWash.DAO", "SkywalkerAutoWash.DAO\SkywalkerAutoWash.DAO.csproj", "{04E3DF20-F5C1-49FE-AFB1-03070829B892}"
EndProject
Project("{2150E333-8FDC-42A3-9474-1A3956D46DE8}") = "04.Sistema", "04.Sistema", "{EADCDF6C-E8F3-4012-98E7-E3D5D8000B0C}"
EndProject
Project("{FAE04EC0-301F-11D3-BF4B-00C04F79EFBC}") = "SkywalkerAutoWash.Sistema", "SkywalkerAutoWash.Sistema\SkywalkerAutoWash.Sistema.csproj", "{533176AC-0945-4296-BE61-6C0A8573DE1F}"
EndProject
Global
	GlobalSection(SolutionConfigurationPlatforms) = preSolution
		Debug|Any CPU = Debug|Any CPU
		Release|Any CPU = Release|Any CPU
	EndGlobalSection
	GlobalSection(ProjectConfigurationPlatforms) = postSolution
		{17E6D263-9AE4-4111-9A42-E13F593D9CF1}.Debug|Any CPU.ActiveCfg = Debug|Any CPU
		{17E6D263-9AE4-4111-9A42-E13F593D9CF1}.Debug|Any CPU.Build.0 = Debug|Any CPU
		{17E6D263-9AE4-4111-9A42-E13F593D9CF1}.Release|Any CPU.ActiveCfg = Release|Any CPU
		{17E6D263-9AE4-4111-9A42-E13F593D9CF1}.Release|Any CPU.Build.0 = Release|Any CPU
		{D68BD13A-34B2-4F7A-BD39-AFA53AAF99EA}.Debug|Any CPU.ActiveCfg = Debug|Any CPU
		{D68BD13A-34B2-4F7A-BD39-AFA53AAF99EA}.Debug|Any CPU.Build.0 = Debug|Any CPU
		{D68BD13A-34B2-4F7A-BD39-AFA53AAF99EA}.Release|Any CPU.ActiveCfg = Release|Any CPU
		{D68BD13A-34B2-4F7A-BD39-AFA53AAF99EA}.Release|Any CPU.Build.0 = Release|Any CPU
		{04E3DF20-F5C1-49FE-AFB1-03070829B892}.Debug|Any CPU.ActiveCfg = Debug|Any CPU
		{04E3DF20-F5C1-49FE-AFB1-03070829B892}.Debug|Any CPU.Build.0 = Debug|Any CPU
		{04E3DF20-F5C1-49FE-AFB1-03070829B892}.Release|Any CPU.ActiveCfg = Release|Any CPU
		{04E3DF20-F5C1-49FE-AFB1-03070829B892}.Release|Any CPU.Build.0 = Release|Any CPU
		{533176AC-0945-4296-BE61-6C0A8573DE1F}.Debug|Any CPU.ActiveCfg = Debug|Any CPU
		{533176AC-0945-4296-BE61-6C0A8573DE1F}.Debug|Any CPU.Build.0 = Debug|Any CPU
		{533176AC-0945-4296-BE61-6C0A8573DE1F}.Release|Any CPU.ActiveCfg = Release|Any CPU
		{533176AC-0945-4296-BE61-6C0A8573DE1F}.Release|Any CPU.Build.0 = Release|Any CPU
	EndGlobalSection
	GlobalSection(SolutionProperties) = preSolution
		HideSolutionNode = FALSE
	EndGlobalSection
	GlobalSection(NestedProjects) = preSolution
		{17E6D263-9AE4-4111-9A42-E13F593D9CF1} = {AB389357-C0E9-4E30-833B-6A6E229D3A01}
		{D68BD13A-34B2-4F7A-BD39-AFA53AAF99EA} = {28B6B6F7-B39E-4F15-8BE6-85C700302540}
		{04E3DF20-F5C1-49FE-AFB1-03070829B892} = {F9E862E4-CD76-4A18-9AAC-5FB9E83B0E95}
		{533176AC-0945-4296-BE61-6C0A8573DE1F} = {EADCDF6C-E8F3-4012-98E7-E3D5D8000B0C}
	EndGlobalSection
EndGlobal
